<Solution>
  <Folder Name="/src/">
    <Project Path="src/TSqlAnalyzer.Application/TSqlAnalyzer.Application.csproj" />
    <Project Path="src/TSqlAnalyzer.Domain/TSqlAnalyzer.Domain.csproj" />
    <Project Path="src/TSqlAnalyzer.WinForms/TSqlAnalyzer.WinForms.csproj" />
  </Folder>
  <Folder Name="/tests/">
    <Project Path="tests/TSqlAnalyzer.Tests/TSqlAnalyzer.Tests.csproj" />
  </Folder>
</Solution>
